
Microsoft Visual Studio Solution File, Format Version 12.00
# Visual Studio Version 17
VisualStudioVersion = 17.0.31903.59
MinimumVisualStudioVersion = 10.0.40219.1
Project("{FAE04EC0-301F-11D3-BF4B-00C04F79EFBC}") = "Dashboard.Tests", "Dashboard.Tests\Dashboard.Tests.csproj", "{060BE29F-C532-49E7-8227-87167D210231}"
EndProject
Project("{FAE04EC0-301F-11D3-BF4B-00C04F79EFBC}") = "Dashboard", "Dashboard\Dashboard.csproj", "{558BED0A-3F90-455C-9773-2AC6762CE925}"
EndProject
Global
	GlobalSection(SolutionConfigurationPlatforms) = preSolution
		Debug|Any CPU = Debug|Any CPU
		Release|Any CPU = Release|Any CPU
	EndGlobalSection
	GlobalSection(SolutionProperties) = preSolution
		HideSolutionNode = FALSE
	EndGlobalSection
	GlobalSection(ProjectConfigurationPlatforms) = postSolution
		{1FD17909-FC02-4CB8-B93D-2BFB8E9DAEE7}.Debug|Any CPU.ActiveCfg = Debug|Any CPU
		{1FD17909-FC02-4CB8-B93D-2BFB8E9DAEE7}.Debug|Any CPU.Build.0 = Debug|Any CPU
		{1FD17909-FC02-4CB8-B93D-2BFB8E9DAEE7}.Release|Any CPU.ActiveCfg = Release|Any CPU
		{1FD17909-FC02-4CB8-B93D-2BFB8E9DAEE7}.Release|Any CPU.Build.0 = Release|Any CPU
		{060BE29F-C532-49E7-8227-87167D210231}.Debug|Any CPU.ActiveCfg = Debug|Any CPU
		{060BE29F-C532-49E7-8227-87167D210231}.Debug|Any CPU.Build.0 = Debug|Any CPU
		{060BE29F-C532-49E7-8227-87167D210231}.Release|Any CPU.ActiveCfg = Release|Any CPU
		{060BE29F-C532-49E7-8227-87167D210231}.Release|Any CPU.Build.0 = Release|Any CPU
		{558BED0A-3F90-455C-9773-2AC6762CE925}.Debug|Any CPU.ActiveCfg = Debug|Any CPU
		{558BED0A-3F90-455C-9773-2AC6762CE925}.Debug|Any CPU.Build.0 = Debug|Any CPU
		{558BED0A-3F90-455C-9773-2AC6762CE925}.Release|Any CPU.ActiveCfg = Release|Any CPU
		{558BED0A-3F90-455C-9773-2AC6762CE925}.Release|Any CPU.Build.0 = Release|Any CPU
	EndGlobalSection
EndGlobal
